// !$*UTF8*$!
{
	archiveVersion = 1;
	classes = {
	};
	objectVersion = 50;
	objects = {

/* Begin PBXBuildFile section */
		BC55BCC8237E445C00BDA35C /* AppDelegate.swift in Sources */ = {isa = PBXBuildFile; fileRef = BC55BCC7237E445C00BDA35C /* AppDelegate.swift */; };
		BC55BCCA237E445C00BDA35C /* SceneDelegate.swift in Sources */ = {isa = PBXBuildFile; fileRef = BC55BCC9237E445C00BDA35C /* SceneDelegate.swift */; };
		BC55BCCC237E445C00BDA35C /* ViewController.swift in Sources */ = {isa = PBXBuildFile; fileRef = BC55BCCB237E445C00BDA35C /* ViewController.swift */; };
		BC55BCCF237E445C00BDA35C /* Main.storyboard in Resources */ = {isa = PBXBuildFile; fileRef = BC55BCCD237E445C00BDA35C /* Main.storyboard */; };
		BC55BCD1237E445E00BDA35C /* Assets.xcassets in Resources */ = {isa = PBXBuildFile; fileRef = BC55BCD0237E445E00BDA35C /* Assets.xcassets */; };
		BC55BCD4237E445E00BDA35C /* LaunchScreen.storyboard in Resources */ = {isa = PBXBuildFile; fileRef = BC55BCD2237E445E00BDA35C /* LaunchScreen.storyboard */; };
		BC55BCDF237E445E00BDA35C /* ParstagramTests.swift in Sources */ = {isa = PBXBuildFile; fileRef = BC55BCDE237E445E00BDA35C /* ParstagramTests.swift */; };
		BC55BCEA237E445E00BDA35C /* ParstagramUITests.swift in Sources */ = {isa = PBXBuildFile; fileRef = BC55BCE9237E445E00BDA35C /* ParstagramUITests.swift */; };
/* End PBXBuildFile section */

/* Begin PBXContainerItemProxy section */
		BC55BCDB237E445E00BDA35C /* PBXContainerItemProxy */ = {
			isa = PBXContainerItemProxy;
			containerPortal = BC55BCBC237E445C00BDA35C /* Project object */;
			proxyType = 1;
			remoteGlobalIDString = BC55BCC3237E445C00BDA35C;
			remoteInfo = Parstagram;
		};
		BC55BCE6237E445E00BDA35C /* PBXContainerItemProxy */ = {
			isa = PBXContainerItemProxy;
			containerPortal = BC55BCBC237E445C00BDA35C /* Project object */;
			proxyType = 1;
			remoteGlobalIDString = BC55BCC3237E445C00BDA35C;
			remoteInfo = Parstagram;
		};
/* End PBXContainerItemProxy section */

/* Begin PBXFileReference section */
		BC55BCC4237E445C00BDA35C /* Parstagram.app */ = {isa = PBXFileReference; explicitFileType = wrapper.application; includeInIndex = 0; path = Parstagram.app; sourceTree = BUILT_PRODUCTS_DIR; };
		BC55BCC7237E445C00BDA35C /* AppDelegate.swift */ = {isa = PBXFileReference; lastKnownFileType = sourcecode.swift; path = AppDelegate.swift; sourceTree = "<group>"; };
		BC55BCC9237E445C00BDA35C /* SceneDelegate.swift */ = {isa = PBXFileReference; lastKnownFileType = sourcecode.swift; path = SceneDelegate.swift; sourceTree = "<group>"; };
		BC55BCCB237E445C00BDA35C /* ViewController.swift */ = {isa = PBXFileReference; lastKnownFileType = sourcecode.swift; path = ViewController.swift; sourceTree = "<group>"; };
		BC55BCCE237E445C00BDA35C /* Base */ = {isa = PBXFileReference; lastKnownFileType = file.storyboard; name = Base; path = Base.lproj/Main.storyboard; sourceTree = "<group>"; };
		BC55BCD0237E445E00BDA35C /* Assets.xcassets */ = {isa = PBXFileReference; lastKnownFileType = folder.assetcatalog; path = Assets.xcassets; sourceTree = "<group>"; };
		BC55BCD3237E445E00BDA35C /* Base */ = {isa = PBXFileReference; lastKnownFileType = file.storyboard; name = Base; path = Base.lproj/LaunchScreen.storyboard; sourceTree = "<group>"; };
		BC55BCD5237E445E00BDA35C /* Info.plist */ = {isa = PBXFileReference; lastKnownFileType = text.plist.xml; path = Info.plist; sourceTree = "<group>"; };
		BC55BCDA237E445E00BDA35C /* ParstagramTests.xctest */ = {isa = PBXFileReference; explicitFileType = wrapper.cfbundle; includeInIndex = 0; path = ParstagramTests.xctest; sourceTree = BUILT_PRODUCTS_DIR; };
		BC55BCDE237E445E00BDA35C /* ParstagramTests.swift */ = {isa = PBXFileReference; lastKnownFileType = sourcecode.swift; path = ParstagramTests.swift; sourceTree = "<group>"; };
		BC55BCE0237E445E00BDA35C /* Info.plist */ = {isa = PBXFileReference; lastKnownFileType = text.plist.xml; path = Info.plist; sourceTree = "<group>"; };
		BC55BCE5237E445E00BDA35C /* ParstagramUITests.xctest */ = {isa = PBXFileReference; explicitFileType = wrapper.cfbundle; includeInIndex = 0; path = ParstagramUITests.xctest; sourceTree = BUILT_PRODUCTS_DIR; };
		BC55BCE9237E445E00BDA35C /* ParstagramUITests.swift */ = {isa = PBXFileReference; lastKnownFileType = sourcecode.swift; path = ParstagramUITests.swift; sourceTree = "<group>"; };
		BC55BCEB237E445E00BDA35C /* Info.plist */ = {isa = PBXFileReference; lastKnownFileType = text.plist.xml; path = Info.plist; sourceTree = "<group>"; };
/* End PBXFileReference section */

/* Begin PBXFrameworksBuildPhase section */
		BC55BCC1237E445C00BDA35C /* Frameworks */ = {
			isa = PBXFrameworksBuildPhase;
			buildActionMask = 2147483647;
			files = (
			);
			runOnlyForDeploymentPostprocessing = 0;
		};
		BC55BCD7237E445E00BDA35C /* Frameworks */ = {
			isa = PBXFrameworksBuildPhase;
			buildActionMask = 2147483647;
			files = (
			);
			runOnlyForDeploymentPostprocessing = 0;
		};
		BC55BCE2237E445E00BDA35C /* Frameworks */ = {
			isa = PBXFrameworksBuildPhase;
			buildActionMask = 2147483647;
			files = (
			);
			runOnlyForDeploymentPostprocessing = 0;
		};
/* End PBXFrameworksBuildPhase section */

/* Begin PBXGroup section */
		BC55BCBB237E445C00BDA35C = {
			isa = PBXGroup;
			children = (
				BC55BCC6237E445C00BDA35C /* Parstagram */,
				BC55BCDD237E445E00BDA35C /* ParstagramTests */,
				BC55BCE8237E445E00BDA35C /* ParstagramUITests */,
				BC55BCC5237E445C00BDA35C /* Products */,
			);
			sourceTree = "<group>";
		};
		BC55BCC5237E445C00BDA35C /* Products */ = {
			isa = PBXGroup;
			children = (
				BC55BCC4237E445C00BDA35C /* Parstagram.app */,
				BC55BCDA237E445E00BDA35C /* ParstagramTests.xctest */,
				BC55BCE5237E445E00BDA35C /* ParstagramUITests.xctest */,
			);
			name = Products;
			sourceTree = "<group>";
		};
		BC55BCC6237E445C00BDA35C /* Parstagram */ = {
			isa = PBXGroup;
			children = (
				BC55BCC7237E445C00BDA35C /* AppDelegate.swift */,
				BC55BCC9237E445C00BDA35C /* SceneDelegate.swift */,
				BC55BCCB237E445C00BDA35C /* ViewController.swift */,
				BC55BCCD237E445C00BDA35C /* Main.storyboard */,
				BC55BCD0237E445E00BDA35C /* Assets.xcassets */,
				BC55BCD2237E445E00BDA35C /* LaunchScreen.storyboard */,
				BC55BCD5237E445E00BDA35C /* Info.plist */,
			);
			path = Parstagram;
			sourceTree = "<group>";
		};
		BC55BCDD237E445E00BDA35C /* ParstagramTests */ = {
			isa = PBXGroup;
			children = (
				BC55BCDE237E445E00BDA35C /* ParstagramTests.swift */,
				BC55BCE0237E445E00BDA35C /* Info.plist */,
			);
			path = ParstagramTests;
			sourceTree = "<group>";
		};
		BC55BCE8237E445E00BDA35C /* ParstagramUITests */ = {
			isa = PBXGroup;
			children = (
				BC55BCE9237E445E00BDA35C /* ParstagramUITests.swift */,
				BC55BCEB237E445E00BDA35C /* Info.plist */,
			);
			path = ParstagramUITests;
			sourceTree = "<group>";
		};
/* End PBXGroup section */

/* Begin PBXNativeTarget section */
		BC55BCC3237E445C00BDA35C /* Parstagram */ = {
			isa = PBXNativeTarget;
			buildConfigurationList = BC55BCEE237E445E00BDA35C /* Build configuration list for PBXNativeTarget "Parstagram" */;
			buildPhases = (
				BC55BCC0237E445C00BDA35C /* Sources */,
				BC55BCC1237E445C00BDA35C /* Frameworks */,
				BC55BCC2237E445C00BDA35C /* Resources */,
			);
			buildRules = (
			);
			dependencies = (
			);
			name = Parstagram;
			productName = Parstagram;
			productReference = BC55BCC4237E445C00BDA35C /* Parstagram.app */;
			productType = "com.apple.product-type.application";
		};
		BC55BCD9237E445E00BDA35C /* ParstagramTests */ = {
			isa = PBXNativeTarget;
			buildConfigurationList = BC55BCF1237E445E00BDA35C /* Build configuration list for PBXNativeTarget "ParstagramTests" */;
			buildPhases = (
				BC55BCD6237E445E00BDA35C /* Sources */,
				BC55BCD7237E445E00BDA35C /* Frameworks */,
				BC55BCD8237E445E00BDA35C /* Resources */,
			);
			buildRules = (
			);
			dependencies = (
				BC55BCDC237E445E00BDA35C /* PBXTargetDependency */,
			);
			name = ParstagramTests;
			productName = ParstagramTests;
			productReference = BC55BCDA237E445E00BDA35C /* ParstagramTests.xctest */;
			productType = "com.apple.product-type.bundle.unit-test";
		};
		BC55BCE4237E445E00BDA35C /* ParstagramUITests */ = {
			isa = PBXNativeTarget;
			buildConfigurationList = BC55BCF4237E445E00BDA35C /* Build configuration list for PBXNativeTarget "ParstagramUITests" */;
			buildPhases = (
				BC55BCE1237E445E00BDA35C /* Sources */,
				BC55BCE2237E445E00BDA35C /* Frameworks */,
				BC55BCE3237E445E00BDA35C /* Resources */,
			);
			buildRules = (
			);
			dependencies = (
				BC55BCE7237E445E00BDA35C /* PBXTargetDependency */,
			);
			name = ParstagramUITests;
			productName = ParstagramUITests;
			productReference = BC55BCE5237E445E00BDA35C /* ParstagramUITests.xctest */;
			productType = "com.apple.product-type.bundle.ui-testing";
		};
/* End PBXNativeTarget section */

/* Begin PBXProject section */
		BC55BCBC237E445C00BDA35C /* Project object */ = {
			isa = PBXProject;
			attributes = {
				LastSwiftUpdateCheck = 1100;
				LastUpgradeCheck = 1100;
				ORGANIZATIONNAME = "Alicia Washington";
				TargetAttributes = {
					BC55BCC3237E445C00BDA35C = {
						CreatedOnToolsVersion = 11.0;
					};
					BC55BCD9237E445E00BDA35C = {
						CreatedOnToolsVersion = 11.0;
						TestTargetID = BC55BCC3237E445C00BDA35C;
					};
					BC55BCE4237E445E00BDA35C = {
						CreatedOnToolsVersion = 11.0;
						TestTargetID = BC55BCC3237E445C00BDA35C;
					};
				};
			};
			buildConfigurationList = BC55BCBF237E445C00BDA35C /* Build configuration list for PBXProject "Parstagram" */;
			compatibilityVersion = "Xcode 9.3";
			developmentRegion = en;
			hasScannedForEncodings = 0;
			knownRegions = (
				en,
				Base,
			);
			mainGroup = BC55BCBB237E445C00BDA35C;
			productRefGroup = BC55BCC5237E445C00BDA35C /* Products */;
			projectDirPath = "";
			projectRoot = "";
			targets = (
				BC55BCC3237E445C00BDA35C /* Parstagram */,
				BC55BCD9237E445E00BDA35C /* ParstagramTests */,
				BC55BCE4237E445E00BDA35C /* ParstagramUITests */,
			);
		};
/* End PBXProject section */

/* Begin PBXResourcesBuildPhase section */
		BC55BCC2237E445C00BDA35C /* Resources */ = {
			isa = PBXResourcesBuildPhase;
			buildActionMask = 2147483647;
			files = (
				BC55BCD4237E445E00BDA35C /* LaunchScreen.storyboard in Resources */,
				BC55BCD1237E445E00BDA35C /* Assets.xcassets in Resources */,
				BC55BCCF237E445C00BDA35C /* Main.storyboard in Resources */,
			);
			runOnlyForDeploymentPostprocessing = 0;
		};
		BC55BCD8237E445E00BDA35C /* Resources */ = {
			isa = PBXResourcesBuildPhase;
			buildActionMask = 2147483647;
			files = (
			);
			runOnlyForDeploymentPostprocessing = 0;
		};
		BC55BCE3237E445E00BDA35C /* Resources */ = {
			isa = PBXResourcesBuildPhase;
			buildActionMask = 2147483647;
			files = (
			);
			runOnlyForDeploymentPostprocessing = 0;
		};
/* End PBXResourcesBuildPhase section */

/* Begin PBXSourcesBuildPhase section */
		BC55BCC0237E445C00BDA35C /* Sources */ = {
			isa = PBXSourcesBuildPhase;
			buildActionMask = 2147483647;
			files = (
				BC55BCCC237E445C00BDA35C /* ViewController.swift in Sources */,
				BC55BCC8237E445C00BDA35C /* AppDelegate.swift in Sources */,
				BC55BCCA237E445C00BDA35C /* SceneDelegate.swift in Sources */,
			);
			runOnlyForDeploymentPostprocessing = 0;
		};
		BC55BCD6237E445E00BDA35C /* Sources */ = {
			isa = PBXSourcesBuildPhase;
			buildActionMask = 2147483647;
			files = (
				BC55BCDF237E445E00BDA35C /* ParstagramTests.swift in Sources */,
			);
			runOnlyForDeploymentPostprocessing = 0;
		};
		BC55BCE1237E445E00BDA35C /* Sources */ = {
			isa = PBXSourcesBuildPhase;
			buildActionMask = 2147483647;
			files = (
				BC55BCEA237E445E00BDA35C /* ParstagramUITests.swift in Sources */,
			);
			runOnlyForDeploymentPostprocessing = 0;
		};
/* End PBXSourcesBuildPhase section */

/* Begin PBXTargetDependency section */
		BC55BCDC237E445E00BDA35C /* PBXTargetDependency */ = {
			isa = PBXTargetDependency;
			target = BC55BCC3237E445C00BDA35C /* Parstagram */;
			targetProxy = BC55BCDB237E445E00BDA35C /* PBXContainerItemProxy */;
		};
		BC55BCE7237E445E00BDA35C /* PBXTargetDependency */ = {
			isa = PBXTargetDependency;
			target = BC55BCC3237E445C00BDA35C /* Parstagram */;
			targetProxy = BC55BCE6237E445E00BDA35C /* PBXContainerItemProxy */;
		};
/* End PBXTargetDependency section */

/* Begin PBXVariantGroup section */
		BC55BCCD237E445C00BDA35C /* Main.storyboard */ = {
			isa = PBXVariantGroup;
			children = (
				BC55BCCE237E445C00BDA35C /* Base */,
			);
			name = Main.storyboard;
			sourceTree = "<group>";
		};
		BC55BCD2237E445E00BDA35C /* LaunchScreen.storyboard */ = {
			isa = PBXVariantGroup;
			children = (
				BC55BCD3237E445E00BDA35C /* Base */,
			);
			name = LaunchScreen.storyboard;
			sourceTree = "<group>";
		};
/* End PBXVariantGroup section */

/* Begin XCBuildConfiguration section */
		BC55BCEC237E445E00BDA35C /* Debug */ = {
			isa = XCBuildConfiguration;
			buildSettings = {
				ALWAYS_SEARCH_USER_PATHS = NO;
				CLANG_ANALYZER_NONNULL = YES;
				CLANG_ANALYZER_NUMBER_OBJECT_CONVERSION = YES_AGGRESSIVE;
				CLANG_CXX_LANGUAGE_STANDARD = "gnu++14";
				CLANG_CXX_LIBRARY = "libc++";
				CLANG_ENABLE_MODULES = YES;
				CLANG_ENABLE_OBJC_ARC = YES;
				CLANG_ENABLE_OBJC_WEAK = YES;
				CLANG_WARN_BLOCK_CAPTURE_AUTORELEASING = YES;
				CLANG_WARN_BOOL_CONVERSION = YES;
				CLANG_WARN_COMMA = YES;
				CLANG_WARN_CONSTANT_CONVERSION = YES;
				CLANG_WARN_DEPRECATED_OBJC_IMPLEMENTATIONS = YES;
				CLANG_WARN_DIRECT_OBJC_ISA_USAGE = YES_ERROR;
				CLANG_WARN_DOCUMENTATION_COMMENTS = YES;
				CLANG_WARN_EMPTY_BODY = YES;
				CLANG_WARN_ENUM_CONVERSION = YES;
				CLANG_WARN_INFINITE_RECURSION = YES;
				CLANG_WARN_INT_CONVERSION = YES;
				CLANG_WARN_NON_LITERAL_NULL_CONVERSION = YES;
				CLANG_WARN_OBJC_IMPLICIT_RETAIN_SELF = YES;
				CLANG_WARN_OBJC_LITERAL_CONVERSION = YES;
				CLANG_WARN_OBJC_ROOT_CLASS = YES_ERROR;
				CLANG_WARN_RANGE_LOOP_ANALYSIS = YES;
				CLANG_WARN_STRICT_PROTOTYPES = YES;
				CLANG_WARN_SUSPICIOUS_MOVE = YES;
				CLANG_WARN_UNGUARDED_AVAILABILITY = YES_AGGRESSIVE;
				CLANG_WARN_UNREACHABLE_CODE = YES;
				CLANG_WARN__DUPLICATE_METHOD_MATCH = YES;
				COPY_PHASE_STRIP = NO;
				DEBUG_INFORMATION_FORMAT = dwarf;
				ENABLE_STRICT_OBJC_MSGSEND = YES;
				ENABLE_TESTABILITY = YES;
				GCC_C_LANGUAGE_STANDARD = gnu11;
				GCC_DYNAMIC_NO_PIC = NO;
				GCC_NO_COMMON_BLOCKS = YES;
				GCC_OPTIMIZATION_LEVEL = 0;
				GCC_PREPROCESSOR_DEFINITIONS = (
					"DEBUG=1",
					"$(inherited)",
				);
				GCC_WARN_64_TO_32_BIT_CONVERSION = YES;
				GCC_WARN_ABOUT_RETURN_TYPE = YES_ERROR;
				GCC_WARN_UNDECLARED_SELECTOR = YES;
				GCC_WARN_UNINITIALIZED_AUTOS = YES_AGGRESSIVE;
				GCC_WARN_UNUSED_FUNCTION = YES;
				GCC_WARN_UNUSED_VARIABLE = YES;
				IPHONEOS_DEPLOYMENT_TARGET = 13.0;
				MTL_ENABLE_DEBUG_INFO = INCLUDE_SOURCE;
				MTL_FAST_MATH = YES;
				ONLY_ACTIVE_ARCH = YES;
				SDKROOT = iphoneos;
				SWIFT_ACTIVE_COMPILATION_CONDITIONS = DEBUG;
				SWIFT_OPTIMIZATION_LEVEL = "-Onone";
			};
			name = Debug;
		};
		BC55BCED237E445E00BDA35C /* Release */ = {
			isa = XCBuildConfiguration;
			buildSettings = {
				ALWAYS_SEARCH_USER_PATHS = NO;
				CLANG_ANALYZER_NONNULL = YES;
				CLANG_ANALYZER_NUMBER_OBJECT_CONVERSION = YES_AGGRESSIVE;
				CLANG_CXX_LANGUAGE_STANDARD = "gnu++14";
				CLANG_CXX_LIBRARY = "libc++";
				CLANG_ENABLE_MODULES = YES;
				CLANG_ENABLE_OBJC_ARC = YES;
				CLANG_ENABLE_OBJC_WEAK = YES;
				CLANG_WARN_BLOCK_CAPTURE_AUTORELEASING = YES;
				CLANG_WARN_BOOL_CONVERSION = YES;
				CLANG_WARN_COMMA = YES;
				CLANG_WARN_CONSTANT_CONVERSION = YES;
				CLANG_WARN_DEPRECATED_OBJC_IMPLEMENTATIONS = YES;
				CLANG_WARN_DIRECT_OBJC_ISA_USAGE = YES_ERROR;
				CLANG_WARN_DOCUMENTATION_COMMENTS = YES;
				CLANG_WARN_EMPTY_BODY = YES;
				CLANG_WARN_ENUM_CONVERSION = YES;
				CLANG_WARN_INFINITE_RECURSION = YES;
				CLANG_WARN_INT_CONVERSION = YES;
				CLANG_WARN_NON_LITERAL_NULL_CONVERSION = YES;
				CLANG_WARN_OBJC_IMPLICIT_RETAIN_SELF = YES;
				CLANG_WARN_OBJC_LITERAL_CONVERSION = YES;
				CLANG_WARN_OBJC_ROOT_CLASS = YES_ERROR;
				CLANG_WARN_RANGE_LOOP_ANALYSIS = YES;
				CLANG_WARN_STRICT_PROTOTYPES = YES;
				CLANG_WARN_SUSPICIOUS_MOVE = YES;
				CLANG_WARN_UNGUARDED_AVAILABILITY = YES_AGGRESSIVE;
				CLANG_WARN_UNREACHABLE_CODE = YES;
				CLANG_WARN__DUPLICATE_METHOD_MATCH = YES;
				COPY_PHASE_STRIP = NO;
				DEBUG_INFORMATION_FORMAT = "dwarf-with-dsym";
				ENABLE_NS_ASSERTIONS = NO;
				ENABLE_STRICT_OBJC_MSGSEND = YES;
				GCC_C_LANGUAGE_STANDARD = gnu11;
				GCC_NO_COMMON_BLOCKS = YES;
				GCC_WARN_64_TO_32_BIT_CONVERSION = YES;
				GCC_WARN_ABOUT_RETURN_TYPE = YES_ERROR;
				GCC_WARN_UNDECLARED_SELECTOR = YES;
				GCC_WARN_UNINITIALIZED_AUTOS = YES_AGGRESSIVE;
				GCC_WARN_UNUSED_FUNCTION = YES;
				GCC_WARN_UNUSED_VARIABLE = YES;
				IPHONEOS_DEPLOYMENT_TARGET = 13.0;
				MTL_ENABLE_DEBUG_INFO = NO;
				MTL_FAST_MATH = YES;
				SDKROOT = iphoneos;
				SWIFT_COMPILATION_MODE = wholemodule;
				SWIFT_OPTIMIZATION_LEVEL = "-O";
				VALIDATE_PRODUCT = YES;
			};
			name = Release;
		};
		BC55BCEF237E445E00BDA35C /* Debug */ = {
			isa = XCBuildConfiguration;
			buildSettings = {
				ASSETCATALOG_COMPILER_APPICON_NAME = AppIcon;
				CODE_SIGN_STYLE = Automatic;
				INFOPLIST_FILE = Parstagram/Info.plist;
				LD_RUNPATH_SEARCH_PATHS = (
					"$(inherited)",
					"@executable_path/Frameworks",
				);
				PRODUCT_BUNDLE_IDENTIFIER = com.alicia.Parstagram;
				PRODUCT_NAME = "$(TARGET_NAME)";
				SWIFT_VERSION = 5.0;
				TARGETED_DEVICE_FAMILY = "1,2";
			};
			name = Debug;
		};
		BC55BCF0237E445E00BDA35C /* Release */ = {
			isa = XCBuildConfiguration;
			buildSettings = {
				ASSETCATALOG_COMPILER_APPICON_NAME = AppIcon;
				CODE_SIGN_STYLE = Automatic;
				INFOPLIST_FILE = Parstagram/Info.plist;
				LD_RUNPATH_SEARCH_PATHS = (
					"$(inherited)",
					"@executable_path/Frameworks",
				);
				PRODUCT_BUNDLE_IDENTIFIER = com.alicia.Parstagram;
				PRODUCT_NAME = "$(TARGET_NAME)";
				SWIFT_VERSION = 5.0;
				TARGETED_DEVICE_FAMILY = "1,2";
			};
			name = Release;
		};
		BC55BCF2237E445E00BDA35C /* Debug */ = {
			isa = XCBuildConfiguration;
			buildSettings = {
				ALWAYS_EMBED_SWIFT_STANDARD_LIBRARIES = YES;
				BUNDLE_LOADER = "$(TEST_HOST)";
				CODE_SIGN_STYLE = Automatic;
				INFOPLIST_FILE = ParstagramTests/Info.plist;
				IPHONEOS_DEPLOYMENT_TARGET = 13.0;
				LD_RUNPATH_SEARCH_PATHS = (
					"$(inherited)",
					"@executable_path/Frameworks",
					"@loader_path/Frameworks",
				);
				PRODUCT_BUNDLE_IDENTIFIER = com.alicia.ParstagramTests;
				PRODUCT_NAME = "$(TARGET_NAME)";
				SWIFT_VERSION = 5.0;
				TARGETED_DEVICE_FAMILY = "1,2";
				TEST_HOST = "$(BUILT_PRODUCTS_DIR)/Parstagram.app/Parstagram";
			};
			name = Debug;
		};
		BC55BCF3237E445E00BDA35C /* Release */ = {
			isa = XCBuildConfiguration;
			buildSettings = {
				ALWAYS_EMBED_SWIFT_STANDARD_LIBRARIES = YES;
				BUNDLE_LOADER = "$(TEST_HOST)";
				CODE_SIGN_STYLE = Automatic;
				INFOPLIST_FILE = ParstagramTests/Info.plist;
				IPHONEOS_DEPLOYMENT_TARGET = 13.0;
				LD_RUNPATH_SEARCH_PATHS = (
					"$(inherited)",
					"@executable_path/Frameworks",
					"@loader_path/Frameworks",
				);
				PRODUCT_BUNDLE_IDENTIFIER = com.alicia.ParstagramTests;
				PRODUCT_NAME = "$(TARGET_NAME)";
				SWIFT_VERSION = 5.0;
				TARGETED_DEVICE_FAMILY = "1,2";
				TEST_HOST = "$(BUILT_PRODUCTS_DIR)/Parstagram.app/Parstagram";
			};
			name = Release;
		};
		BC55BCF5237E445E00BDA35C /* Debug */ = {
			isa = XCBuildConfiguration;
			buildSettings = {
				ALWAYS_EMBED_SWIFT_STANDARD_LIBRARIES = YES;
				CODE_SIGN_STYLE = Automatic;
				INFOPLIST_FILE = ParstagramUITests/Info.plist;
				LD_RUNPATH_SEARCH_PATHS = (
					"$(inherited)",
					"@executable_path/Frameworks",
					"@loader_path/Frameworks",
				);
				PRODUCT_BUNDLE_IDENTIFIER = com.alicia.ParstagramUITests;
				PRODUCT_NAME = "$(TARGET_NAME)";
				SWIFT_VERSION = 5.0;
				TARGETED_DEVICE_FAMILY = "1,2";
				TEST_TARGET_NAME = Parstagram;
			};
			name = Debug;
		};
		BC55BCF6237E445E00BDA35C /* Release */ = {
			isa = XCBuildConfiguration;
			buildSettings = {
				ALWAYS_EMBED_SWIFT_STANDARD_LIBRARIES = YES;
				CODE_SIGN_STYLE = Automatic;
				INFOPLIST_FILE = ParstagramUITests/Info.plist;
				LD_RUNPATH_SEARCH_PATHS = (
					"$(inherited)",
					"@executable_path/Frameworks",
					"@loader_path/Frameworks",
				);
				PRODUCT_BUNDLE_IDENTIFIER = com.alicia.ParstagramUITests;
				PRODUCT_NAME = "$(TARGET_NAME)";
				SWIFT_VERSION = 5.0;
				TARGETED_DEVICE_FAMILY = "1,2";
				TEST_TARGET_NAME = Parstagram;
			};
			name = Release;
		};
/* End XCBuildConfiguration section */

/* Begin XCConfigurationList section */
		BC55BCBF237E445C00BDA35C /* Build configuration list for PBXProject "Parstagram" */ = {
			isa = XCConfigurationList;
			buildConfigurations = (
				BC55BCEC237E445E00BDA35C /* Debug */,
				BC55BCED237E445E00BDA35C /* Release */,
			);
			defaultConfigurationIsVisible = 0;
			defaultConfigurationName = Release;
		};
		BC55BCEE237E445E00BDA35C /* Build configuration list for PBXNativeTarget "Parstagram" */ = {
			isa = XCConfigurationList;
			buildConfigurations = (
				BC55BCEF237E445E00BDA35C /* Debug */,
				BC55BCF0237E445E00BDA35C /* Release */,
			);
			defaultConfigurationIsVisible = 0;
			defaultConfigurationName = Release;
		};
		BC55BCF1237E445E00BDA35C /* Build configuration list for PBXNativeTarget "ParstagramTests" */ = {
			isa = XCConfigurationList;
			buildConfigurations = (
				BC55BCF2237E445E00BDA35C /* Debug */,
				BC55BCF3237E445E00BDA35C /* Release */,
			);
			defaultConfigurationIsVisible = 0;
			defaultConfigurationName = Release;
		};
		BC55BCF4237E445E00BDA35C /* Build configuration list for PBXNativeTarget "ParstagramUITests" */ = {
			isa = XCConfigurationList;
			buildConfigurations = (
				BC55BCF5237E445E00BDA35C /* Debug */,
				BC55BCF6237E445E00BDA35C /* Release */,
			);
			defaultConfigurationIsVisible = 0;
			defaultConfigurationName = Release;
		};
/* End XCConfigurationList section */
	};
	rootObject = BC55BCBC237E445C00BDA35C /* Project object */;
}
